
Microsoft Visual Studio Solution File, Format Version 12.00
# Visual Studio 2012
Project("{FAE04EC0-301F-11D3-BF4B-00C04F79EFBC}") = "QuakeLogParser", "QuakeLogParser\QuakeLogParser.csproj", "{669A8366-AF47-4FD9-873A-CE56C1B914DE}"
EndProject
Project("{FAE04EC0-301F-11D3-BF4B-00C04F79EFBC}") = "UnitTest", "UnitTest\UnitTest.csproj", "{69B0E008-83BC-41A5-9F5F-468B7AD3A504}"
EndProject
Global
	GlobalSection(SolutionConfigurationPlatforms) = preSolution
		Debug|Any CPU = Debug|Any CPU
		Release|Any CPU = Release|Any CPU
	EndGlobalSection
	GlobalSection(ProjectConfigurationPlatforms) = postSolution
		{669A8366-AF47-4FD9-873A-CE56C1B914DE}.Debug|Any CPU.ActiveCfg = Debug|Any CPU
		{669A8366-AF47-4FD9-873A-CE56C1B914DE}.Debug|Any CPU.Build.0 = Debug|Any CPU
		{669A8366-AF47-4FD9-873A-CE56C1B914DE}.Release|Any CPU.ActiveCfg = Release|Any CPU
		{669A8366-AF47-4FD9-873A-CE56C1B914DE}.Release|Any CPU.Build.0 = Release|Any CPU
		{69B0E008-83BC-41A5-9F5F-468B7AD3A504}.Debug|Any CPU.ActiveCfg = Debug|Any CPU
		{69B0E008-83BC-41A5-9F5F-468B7AD3A504}.Debug|Any CPU.Build.0 = Debug|Any CPU
		{69B0E008-83BC-41A5-9F5F-468B7AD3A504}.Release|Any CPU.ActiveCfg = Release|Any CPU
		{69B0E008-83BC-41A5-9F5F-468B7AD3A504}.Release|Any CPU.Build.0 = Release|Any CPU
	EndGlobalSection
	GlobalSection(SolutionProperties) = preSolution
		HideSolutionNode = FALSE
	EndGlobalSection
EndGlobal
